Microsoft Visual Studio Solution File, Format Version 12.00
# Visual Studio Version 17
VisualStudioVersion = 17.5.2.0
MinimumVisualStudioVersion = 10.0.40219.1
Project("{FAE04EC0-301F-11D3-BF4B-00C04F79EFBC}") = "SchoolManagerment_WebAPI", "SchoolManagerment_WebAPI.csproj", "{53108663-F43F-7572-1338-C8BA57F26437}"
EndProject
Global
	GlobalSection(SolutionConfigurationPlatforms) = preSolution
		Debug|Any CPU = Debug|Any CPU
		Release|Any CPU = Release|Any CPU
	EndGlobalSection
	GlobalSection(ProjectConfigurationPlatforms) = postSolution
		{53108663-F43F-7572-1338-C8BA57F26437}.Debug|Any CPU.ActiveCfg = Debug|Any CPU
		{53108663-F43F-7572-1338-C8BA57F26437}.Debug|Any CPU.Build.0 = Debug|Any CPU
		{53108663-F43F-7572-1338-C8BA57F26437}.Release|Any CPU.ActiveCfg = Release|Any CPU
		{53108663-F43F-7572-1338-C8BA57F26437}.Release|Any CPU.Build.0 = Release|Any CPU
	EndGlobalSection
	GlobalSection(SolutionProperties) = preSolution
		HideSolutionNode = FALSE
	EndGlobalSection
	GlobalSection(ExtensibilityGlobals) = postSolution
		SolutionGuid = {2AAD50A4-4855-449F-B35D-FC4742CB3508}
	EndGlobalSection
EndGlobal
